
Microsoft Visual Studio Solution File, Format Version 12.00
# Visual Studio Version 16
VisualStudioVersion = 16.0.810.23
MinimumVisualStudioVersion = 10.0.40219.1
Project("{FAE04EC0-301F-11D3-BF4B-00C04F79EFBC}") = "Test-Taste-Console-Application", "Test-Taste-Console-Application.csproj", "{86F413D8-D64A-4A37-8AB9-CE327FEC4845}"
EndProject
Global
	GlobalSection(SolutionConfigurationPlatforms) = preSolution
		Debug|Any CPU = Debug|Any CPU
		Release|Any CPU = Release|Any CPU
	EndGlobalSection
	GlobalSection(ProjectConfigurationPlatforms) = postSolution
		{86F413D8-D64A-4A37-8AB9-CE327FEC4845}.Debug|Any CPU.ActiveCfg = Debug|Any CPU
		{86F413D8-D64A-4A37-8AB9-CE327FEC4845}.Debug|Any CPU.Build.0 = Debug|Any CPU
		{86F413D8-D64A-4A37-8AB9-CE327FEC4845}.Release|Any CPU.ActiveCfg = Release|Any CPU
		{86F413D8-D64A-4A37-8AB9-CE327FEC4845}.Release|Any CPU.Build.0 = Release|Any CPU
	EndGlobalSection
	GlobalSection(SolutionProperties) = preSolution
		HideSolutionNode = FALSE
	EndGlobalSection
	GlobalSection(ExtensibilityGlobals) = postSolution
		SolutionGuid = {2147E140-6DEF-45DB-B3B3-56C8978D2F57}
	EndGlobalSection
EndGlobal
